<?xml version="1.0" encoding="utf-8"?>
<Project ToolsVersion="4.0" xmlns="http://schemas.microsoft.com/developer/msbuild/2003">
  <ItemGroup>
    <Filter Include="源文件">
      <UniqueIdentifier>{4FC737F1-C7A5-4376-A066-2A32D752A2FF}</UniqueIdentifier>
      <Extensions>cpp;c;cc;cxx;def;odl;idl;hpj;bat;asm;asmx</Extensions>
    </Filter>
    <Filter Include="头文件">
      <UniqueIdentifier>{93995380-89BD-4b04-88EB-625FBE52EBFB}</UniqueIdentifier>
      <Extensions>h;hh;hpp;hxx;hm;inl;inc;xsd</Extensions>
    </Filter>
    <Filter Include="资源文件">
      <UniqueIdentifier>{67DA6AB6-F800-4c08-8B7A-83BB121AAD01}</UniqueIdentifier>
      <Extensions>rc;ico;cur;bmp;dlg;rc2;rct;bin;rgs;gif;jpg;jpeg;jpe;resx;tiff;tif;png;wav;mfcribbon-ms</Extensions>
    </Filter>
  </ItemGroup>
  <ItemGroup>
    <Text Include="ReadMe.txt" />
  </ItemGroup>
  <ItemGroup>
    <ClInclude Include="CMenu.h">
      <Filter>头文件</Filter>
    </ClInclude>
    <ClInclude Include="CMenuDlg.h">
      <Filter>头文件</Filter>
    </ClInclude>
    <ClInclude Include="stdafx.h">
      <Filter>头文件</Filter>
    </ClInclude>
    <ClInclude Include="targetver.h">
      <Filter>头文件</Filter>
    </ClInclude>
    <ClInclude Include="Resource.h">
      <Filter>头文件</Filter>
    </ClInclude>
    <ClInclude Include="AboutUs.h">
      <Filter>头文件</Filter>
    </ClInclude>
    <ClInclude Include="COLLECT.h">
      <Filter>头文件</Filter>
    </ClInclude>
    <ClInclude Include="LOGIN.h">
      <Filter>头文件</Filter>
    </ClInclude>
    <ClInclude Include="SEARCH.h">
      <Filter>头文件</Filter>
    </ClInclude>
    <ClInclude Include="CWorkbook.h">
      <Filter>头文件</Filter>
    </ClInclude>
    <ClInclude Include="CWorksheet.h">
      <Filter>头文件</Filter>
    </ClInclude>
    <ClInclude Include="CWorksheets.h">
      <Filter>头文件</Filter>
    </ClInclude>
    <ClInclude Include="CWorkbooks.h">
      <Filter>头文件</Filter>
    </ClInclude>
    <ClInclude Include="CRange.h">
      <Filter>头文件</Filter>
    </ClInclude>
    <ClInclude Include="CRanges.h">
      <Filter>头文件</Filter>
    </ClInclude>
    <ClInclude Include="CApplication.h">
      <Filter>头文件</Filter>
    </ClInclude>
    <ClInclude Include="OptExcel.h">
      <Filter>头文件</Filter>
    </ClInclude>
    <ClInclude Include="About.h">
      <Filter>头文件</Filter>
    </ClInclude>
    <ClInclude Include="Computer.h">
      <Filter>头文件</Filter>
    </ClInclude>
    <ClInclude Include="Deploy.h">
      <Filter>头文件</Filter>
    </ClInclude>
    <ClInclude Include="CPUInfo.h">
      <Filter>头文件</Filter>
    </ClInclude>
    <ClInclude Include="Chart.h">
      <Filter>头文件</Filter>
    </ClInclude>
  </ItemGroup>
  <ItemGroup>
    <ClCompile Include="CMenu.cpp">
      <Filter>源文件</Filter>
    </ClCompile>
    <ClCompile Include="CMenuDlg.cpp">
      <Filter>源文件</Filter>
    </ClCompile>
    <ClCompile Include="stdafx.cpp">
      <Filter>源文件</Filter>
    </ClCompile>
    <ClCompile Include="AboutUs.cpp">
      <Filter>源文件</Filter>
    </ClCompile>
    <ClCompile Include="COLLECT.cpp">
      <Filter>源文件</Filter>
    </ClCompile>
    <ClCompile Include="LOGIN.cpp">
      <Filter>源文件</Filter>
    </ClCompile>
    <ClCompile Include="SEARCH.cpp">
      <Filter>源文件</Filter>
    </ClCompile>
    <ClCompile Include="OptExcel.cpp">
      <Filter>源文件</Filter>
    </ClCompile>
    <ClCompile Include="About.cpp">
      <Filter>源文件</Filter>
    </ClCompile>
    <ClCompile Include="Computer.cpp">
      <Filter>源文件</Filter>
    </ClCompile>
    <ClCompile Include="Deploy.cpp">
      <Filter>源文件</Filter>
    </ClCompile>
    <ClCompile Include="CPUInfo.cpp">
      <Filter>源文件</Filter>
    </ClCompile>
    <ClCompile Include="Chart.cpp">
      <Filter>源文件</Filter>
    </ClCompile>
  </ItemGroup>
  <ItemGroup>
    <ResourceCompile Include="CMenu.rc">
      <Filter>资源文件</Filter>
    </ResourceCompile>
  </ItemGroup>
  <ItemGroup>
    <None Include="res\CMenu.rc2">
      <Filter>资源文件</Filter>
    </None>
  </ItemGroup>
  <ItemGroup>
    <Image Include="res\CMenu.ico">
      <Filter>资源文件</Filter>
    </Image>
    <Image Include="res\bitmap1.bmp">
      <Filter>资源文件</Filter>
    </Image>
    <Image Include="res\bgp.bmp">
      <Filter>资源文件</Filter>
    </Image>
    <Image Include="res\ButtonBMP\采集框.bmp">
      <Filter>资源文件</Filter>
    </Image>
    <Image Include="res\ButtonBMP\导入.bmp">
      <Filter>资源文件</Filter>
    </Image>
    <Image Include="res\ButtonBMP\放大镜.bmp">
      <Filter>资源文件</Filter>
    </Image>
    <Image Include="res\ButtonBMP\红色停止按钮.bmp">
      <Filter>资源文件</Filter>
    </Image>
    <Image Include="res\ButtonBMP\开始.bmp">
      <Filter>资源文件</Filter>
    </Image>
    <Image Include="res\ButtonBMP\钳子.bmp">
      <Filter>资源文件</Filter>
    </Image>
    <Image Include="res\ButtonBMP\退出.bmp">
      <Filter>资源文件</Filter>
    </Image>
    <Image Include="res\上标图片.bmp">
      <Filter>资源文件</Filter>
    </Image>
    <Image Include="res\newButton\钻子.bmp">
      <Filter>资源文件</Filter>
    </Image>
    <Image Include="res\newButton\放大镜.bmp">
      <Filter>资源文件</Filter>
    </Image>
    <Image Include="res\newButton\加载.bmp">
      <Filter>资源文件</Filter>
    </Image>
    <Image Include="res\newButton\开始.bmp">
      <Filter>资源文件</Filter>
    </Image>
    <Image Include="res\newButton\篮子.bmp">
      <Filter>资源文件</Filter>
    </Image>
    <Image Include="res\newButton\钳子.bmp">
      <Filter>资源文件</Filter>
    </Image>
    <Image Include="res\newButton\退出.bmp">
      <Filter>资源文件</Filter>
    </Image>
    <Image Include="res\newButton\暂停.bmp">
      <Filter>资源文件</Filter>
    </Image>
    <Image Include="res\newbutton\bitmap1.bmp">
      <Filter>资源文件</Filter>
    </Image>
    <Image Include="res\back1.bmp">
      <Filter>资源文件</Filter>
    </Image>
    <Image Include="res\图片3_副本.bmp">
      <Filter>资源文件</Filter>
    </Image>
    <Image Include="res\back3.bmp">
      <Filter>资源文件</Filter>
    </Image>
    <Image Include="res\back.bmp">
      <Filter>资源文件</Filter>
    </Image>
    <Image Include="res\图片1.png">
      <Filter>资源文件</Filter>
    </Image>
    <Image Include="res\图片1_副本.bmp">
      <Filter>资源文件</Filter>
    </Image>
    <Image Include="res\新bb\采集_副本.bmp">
      <Filter>资源文件</Filter>
    </Image>
    <Image Include="res\新bb\查询_副本.bmp">
      <Filter>资源文件</Filter>
    </Image>
    <Image Include="res\新bb\配置_副本.bmp">
      <Filter>资源文件</Filter>
    </Image>
    <Image Include="res\bb3\About us (1)_副本.bmp">
      <Filter>资源文件</Filter>
    </Image>
    <Image Include="res\bb3\computer (1)_副本.bmp">
      <Filter>资源文件</Filter>
    </Image>
    <Image Include="res\bb3\gear_副本.bmp">
      <Filter>资源文件</Filter>
    </Image>
    <Image Include="res\about.bmp">
      <Filter>资源文件</Filter>
    </Image>
    <Image Include="res\com.bmp">
      <Filter>资源文件</Filter>
    </Image>
    <Image Include="res\peizhi.bmp">
      <Filter>资源文件</Filter>
    </Image>
    <Image Include="res\QQ截图20160716110312_副本.bmp">
      <Filter>资源文件</Filter>
    </Image>
    <Image Include="res\about_副本.bmp">
      <Filter>资源文件</Filter>
    </Image>
    <Image Include="res\shizhi_副本.bmp">
      <Filter>资源文件</Filter>
    </Image>
    <Image Include="res\end\aboutus.bmp">
      <Filter>资源文件</Filter>
    </Image>
    <Image Include="res\newbutton\bitmap3.bmp">
      <Filter>资源文件</Filter>
    </Image>
    <Image Include="res\tuichu.bmp">
      <Filter>资源文件</Filter>
    </Image>
  </ItemGroup>
</Project>